{
  "originHash" : "a13aeff60672af1174419249348c20e5fc4151e105396a72824601fa77652467",
  "pins" : [
    {
      "identity" : "libwebp-xcode",
      "kind" : "remoteSourceControl",
      "location" : "https://github.com/SDWebImage/libwebp-Xcode",
      "state" : {
        "revision" : "2b5256c29ff4e20f2a0d5ee863b62b1a22144434",
        "version" : "1.6.0"
      }
    }
  ],
  "version" : 3
}
